
Microsoft Visual Studio Solution File, Format Version 12.00
# Visual Studio 14
VisualStudioVersion = 14.0.23107.0
MinimumVisualStudioVersion = 10.0.40219.1
Project("{FAE04EC0-301F-11D3-BF4B-00C04F79EFBC}") = "Woz.Linq", "Woz.Linq\Woz.Linq.csproj", "{22F8C614-0B09-4E4B-8A21-43E7BD84C21B}"
EndProject
Global
	GlobalSection(SolutionConfigurationPlatforms) = preSolution
		Debug|Any CPU = Debug|Any CPU
		Release|Any CPU = Release|Any CPU
	EndGlobalSection
	GlobalSection(ProjectConfigurationPlatforms) = postSolution
		{22F8C614-0B09-4E4B-8A21-43E7BD84C21B}.Debug|Any CPU.ActiveCfg = Debug|Any CPU
		{22F8C614-0B09-4E4B-8A21-43E7BD84C21B}.Debug|Any CPU.Build.0 = Debug|Any CPU
		{22F8C614-0B09-4E4B-8A21-43E7BD84C21B}.Release|Any CPU.ActiveCfg = Release|Any CPU
		{22F8C614-0B09-4E4B-8A21-43E7BD84C21B}.Release|Any CPU.Build.0 = Release|Any CPU
	EndGlobalSection
	GlobalSection(SolutionProperties) = preSolution
		HideSolutionNode = FALSE
	EndGlobalSection
EndGlobal
